// !$*UTF8*$!
{
	archiveVersion = 1;
	classes = {
	};
	objectVersion = 46;
	objects = {

/* Begin PBXBuildFile section */
		8414A08718DE301100DA168D /* Foundation.framework in Frameworks */ = {isa = PBXBuildFile; fileRef = 8414A08618DE301100DA168D /* Foundation.framework */; };
		8414A08918DE301100DA168D /* CoreGraphics.framework in Frameworks */ = {isa = PBXBuildFile; fileRef = 8414A08818DE301100DA168D /* CoreGraphics.framework */; };
		8414A08B18DE301100DA168D /* UIKit.framework in Frameworks */ = {isa = PBXBuildFile; fileRef = 8414A08A18DE301100DA168D /* UIKit.framework */; };
		8414A09118DE301100DA168D /* InfoPlist.strings in Resources */ = {isa = PBXBuildFile; fileRef = 8414A08F18DE301100DA168D /* InfoPlist.strings */; };
		8414A09318DE301100DA168D /* main.m in Sources */ = {isa = PBXBuildFile; fileRef = 8414A09218DE301100DA168D /* main.m */; };
		8414A09718DE301100DA168D /* RPAppDelegate.m in Sources */ = {isa = PBXBuildFile; fileRef = 8414A09618DE301100DA168D /* RPAppDelegate.m */; };
		8414A09A18DE301100DA168D /* Main.storyboard in Resources */ = {isa = PBXBuildFile; fileRef = 8414A09818DE301100DA168D /* Main.storyboard */; };
		8414A09D18DE301100DA168D /* RPViewController.m in Sources */ = {isa = PBXBuildFile; fileRef = 8414A09C18DE301100DA168D /* RPViewController.m */; };
		8414A09F18DE301100DA168D /* Images.xcassets in Resources */ = {isa = PBXBuildFile; fileRef = 8414A09E18DE301100DA168D /* Images.xcassets */; };
		8414A0A618DE301100DA168D /* XCTest.framework in Frameworks */ = {isa = PBXBuildFile; fileRef = 8414A0A518DE301100DA168D /* XCTest.framework */; };
		8414A0A718DE301100DA168D /* Foundation.framework in Frameworks */ = {isa = PBXBuildFile; fileRef = 8414A08618DE301100DA168D /* Foundation.framework */; };
		8414A0A818DE301100DA168D /* UIKit.framework in Frameworks */ = {isa = PBXBuildFile; fileRef = 8414A08A18DE301100DA168D /* UIKit.framework */; };
		8414A0B018DE301100DA168D /* InfoPlist.strings in Resources */ = {isa = PBXBuildFile; fileRef = 8414A0AE18DE301100DA168D /* InfoPlist.strings */; };
		8414A0B218DE301100DA168D /* RestaurantProblemTests.m in Sources */ = {isa = PBXBuildFile; fileRef = 8414A0B118DE301100DA168D /* RestaurantProblemTests.m */; };
/* End PBXBuildFile section */

/* Begin PBXContainerItemProxy section */
		8414A0A918DE301100DA168D /* PBXContainerItemProxy */ = {
			isa = PBXContainerItemProxy;
			containerPortal = 8414A07B18DE301100DA168D /* Project object */;
			proxyType = 1;
			remoteGlobalIDString = 8414A08218DE301100DA168D;
			remoteInfo = RestaurantProblem;
		};
/* End PBXContainerItemProxy section */

/* Begin PBXFileReference section */
		8414A08318DE301100DA168D /* RestaurantProblem.app */ = {isa = PBXFileReference; explicitFileType = wrapper.application; includeInIndex = 0; path = RestaurantProblem.app; sourceTree = BUILT_PRODUCTS_DIR; };
		8414A08618DE301100DA168D /* Foundation.framework */ = {isa = PBXFileReference; lastKnownFileType = wrapper.framework; name = Foundation.framework; path = System/Library/Frameworks/Foundation.framework; sourceTree = SDKROOT; };
		8414A08818DE301100DA168D /* CoreGraphics.framework */ = {isa = PBXFileReference; lastKnownFileType = wrapper.framework; name = CoreGraphics.framework; path = System/Library/Frameworks/CoreGraphics.framework; sourceTree = SDKROOT; };
		8414A08A18DE301100DA168D /* UIKit.framework */ = {isa = PBXFileReference; lastKnownFileType = wrapper.framework; name = UIKit.framework; path = System/Library/Frameworks/UIKit.framework; sourceTree = SDKROOT; };
		8414A08E18DE301100DA168D /* RestaurantProblem-Info.plist */ = {isa = PBXFileReference; lastKnownFileType = text.plist.xml; path = "RestaurantProblem-Info.plist"; sourceTree = "<group>"; };
		8414A09018DE301100DA168D /* en */ = {isa = PBXFileReference; lastKnownFileType = text.plist.strings; name = en; path = en.lproj/InfoPlist.strings; sourceTree = "<group>"; };
		8414A09218DE301100DA168D /* main.m */ = {isa = PBXFileReference; lastKnownFileType = sourcecode.c.objc; path = main.m; sourceTree = "<group>"; };
		8414A09418DE301100DA168D /* RestaurantProblem-Prefix.pch */ = {isa = PBXFileReference; lastKnownFileType = sourcecode.c.h; path = "RestaurantProblem-Prefix.pch"; sourceTree = "<group>"; };
		8414A09518DE301100DA168D /* RPAppDelegate.h */ = {isa = PBXFileReference; lastKnownFileType = sourcecode.c.h; path = RPAppDelegate.h; sourceTree = "<group>"; };
		8414A09618DE301100DA168D /* RPAppDelegate.m */ = {isa = PBXFileReference; lastKnownFileType = sourcecode.c.objc; path = RPAppDelegate.m; sourceTree = "<group>"; };
		8414A09918DE301100DA168D /* Base */ = {isa = PBXFileReference; lastKnownFileType = file.storyboard; name = Base; path = Base.lproj/Main.storyboard; sourceTree = "<group>"; };
		8414A09B18DE301100DA168D /* RPViewController.h */ = {isa = PBXFileReference; lastKnownFileType = sourcecode.c.h; path = RPViewController.h; sourceTree = "<group>"; };
		8414A09C18DE301100DA168D /* RPViewController.m */ = {isa = PBXFileReference; lastKnownFileType = sourcecode.c.objc; path = RPViewController.m; sourceTree = "<group>"; };
		8414A09E18DE301100DA168D /* Images.xcassets */ = {isa = PBXFileReference; lastKnownFileType = folder.assetcatalog; path = Images.xcassets; sourceTree = "<group>"; };
		8414A0A418DE301100DA168D /* RestaurantProblemTests.xctest */ = {isa = PBXFileReference; explicitFileType = wrapper.cfbundle; includeInIndex = 0; path = RestaurantProblemTests.xctest; sourceTree = BUILT_PRODUCTS_DIR; };
		8414A0A518DE301100DA168D /* XCTest.framework */ = {isa = PBXFileReference; lastKnownFileType = wrapper.framework; name = XCTest.framework; path = Library/Frameworks/XCTest.framework; sourceTree = DEVELOPER_DIR; };
		8414A0AD18DE301100DA168D /* RestaurantProblemTests-Info.plist */ = {isa = PBXFileReference; lastKnownFileType = text.plist.xml; path = "RestaurantProblemTests-Info.plist"; sourceTree = "<group>"; };
		8414A0AF18DE301100DA168D /* en */ = {isa = PBXFileReference; lastKnownFileType = text.plist.strings; name = en; path = en.lproj/InfoPlist.strings; sourceTree = "<group>"; };
		8414A0B118DE301100DA168D /* RestaurantProblemTests.m */ = {isa = PBXFileReference; lastKnownFileType = sourcecode.c.objc; path = RestaurantProblemTests.m; sourceTree = "<group>"; };
/* End PBXFileReference section */

/* Begin PBXFrameworksBuildPhase section */
		8414A08018DE301100DA168D /* Frameworks */ = {
			isa = PBXFrameworksBuildPhase;
			buildActionMask = 2147483647;
			files = (
				8414A08918DE301100DA168D /* CoreGraphics.framework in Frameworks */,
				8414A08B18DE301100DA168D /* UIKit.framework in Frameworks */,
				8414A08718DE301100DA168D /* Foundation.framework in Frameworks */,
			);
			runOnlyForDeploymentPostprocessing = 0;
		};
		8414A0A118DE301100DA168D /* Frameworks */ = {
			isa = PBXFrameworksBuildPhase;
			buildActionMask = 2147483647;
			files = (
				8414A0A618DE301100DA168D /* XCTest.framework in Frameworks */,
				8414A0A818DE301100DA168D /* UIKit.framework in Frameworks */,
				8414A0A718DE301100DA168D /* Foundation.framework in Frameworks */,
			);
			runOnlyForDeploymentPostprocessing = 0;
		};
/* End PBXFrameworksBuildPhase section */

/* Begin PBXGroup section */
		8414A07A18DE301100DA168D = {
			isa = PBXGroup;
			children = (
				8414A08C18DE301100DA168D /* RestaurantProblem */,
				8414A0AB18DE301100DA168D /* RestaurantProblemTests */,
				8414A08518DE301100DA168D /* Frameworks */,
				8414A08418DE301100DA168D /* Products */,
			);
			sourceTree = "<group>";
		};
		8414A08418DE301100DA168D /* Products */ = {
			isa = PBXGroup;
			children = (
				8414A08318DE301100DA168D /* RestaurantProblem.app */,
				8414A0A418DE301100DA168D /* RestaurantProblemTests.xctest */,
			);
			name = Products;
			sourceTree = "<group>";
		};
		8414A08518DE301100DA168D /* Frameworks */ = {
			isa = PBXGroup;
			children = (
				8414A08618DE301100DA168D /* Foundation.framework */,
				8414A08818DE301100DA168D /* CoreGraphics.framework */,
				8414A08A18DE301100DA168D /* UIKit.framework */,
				8414A0A518DE301100DA168D /* XCTest.framework */,
			);
			name = Frameworks;
			sourceTree = "<group>";
		};
		8414A08C18DE301100DA168D /* RestaurantProblem */ = {
			isa = PBXGroup;
			children = (
				8414A09518DE301100DA168D /* RPAppDelegate.h */,
				8414A09618DE301100DA168D /* RPAppDelegate.m */,
				8414A09818DE301100DA168D /* Main.storyboard */,
				8414A09B18DE301100DA168D /* RPViewController.h */,
				8414A09C18DE301100DA168D /* RPViewController.m */,
				8414A09E18DE301100DA168D /* Images.xcassets */,
				8414A08D18DE301100DA168D /* Supporting Files */,
			);
			path = RestaurantProblem;
			sourceTree = "<group>";
		};
		8414A08D18DE301100DA168D /* Supporting Files */ = {
			isa = PBXGroup;
			children = (
				8414A08E18DE301100DA168D /* RestaurantProblem-Info.plist */,
				8414A08F18DE301100DA168D /* InfoPlist.strings */,
				8414A09218DE301100DA168D /* main.m */,
				8414A09418DE301100DA168D /* RestaurantProblem-Prefix.pch */,
			);
			name = "Supporting Files";
			sourceTree = "<group>";
		};
		8414A0AB18DE301100DA168D /* RestaurantProblemTests */ = {
			isa = PBXGroup;
			children = (
				8414A0B118DE301100DA168D /* RestaurantProblemTests.m */,
				8414A0AC18DE301100DA168D /* Supporting Files */,
			);
			path = RestaurantProblemTests;
			sourceTree = "<group>";
		};
		8414A0AC18DE301100DA168D /* Supporting Files */ = {
			isa = PBXGroup;
			children = (
				8414A0AD18DE301100DA168D /* RestaurantProblemTests-Info.plist */,
				8414A0AE18DE301100DA168D /* InfoPlist.strings */,
			);
			name = "Supporting Files";
			sourceTree = "<group>";
		};
/* End PBXGroup section */

/* Begin PBXNativeTarget section */
		8414A08218DE301100DA168D /* RestaurantProblem */ = {
			isa = PBXNativeTarget;
			buildConfigurationList = 8414A0B518DE301100DA168D /* Build configuration list for PBXNativeTarget "RestaurantProblem" */;
			buildPhases = (
				8414A07F18DE301100DA168D /* Sources */,
				8414A08018DE301100DA168D /* Frameworks */,
				8414A08118DE301100DA168D /* Resources */,
			);
			buildRules = (
			);
			dependencies = (
			);
			name = RestaurantProblem;
			productName = RestaurantProblem;
			productReference = 8414A08318DE301100DA168D /* RestaurantProblem.app */;
			productType = "com.apple.product-type.application";
		};
		8414A0A318DE301100DA168D /* RestaurantProblemTests */ = {
			isa = PBXNativeTarget;
			buildConfigurationList = 8414A0B818DE301100DA168D /* Build configuration list for PBXNativeTarget "RestaurantProblemTests" */;
			buildPhases = (
				8414A0A018DE301100DA168D /* Sources */,
				8414A0A118DE301100DA168D /* Frameworks */,
				8414A0A218DE301100DA168D /* Resources */,
			);
			buildRules = (
			);
			dependencies = (
				8414A0AA18DE301100DA168D /* PBXTargetDependency */,
			);
			name = RestaurantProblemTests;
			productName = RestaurantProblemTests;
			productReference = 8414A0A418DE301100DA168D /* RestaurantProblemTests.xctest */;
			productType = "com.apple.product-type.bundle.unit-test";
		};
/* End PBXNativeTarget section */

/* Begin PBXProject section */
		8414A07B18DE301100DA168D /* Project object */ = {
			isa = PBXProject;
			attributes = {
				CLASSPREFIX = RP;
				LastUpgradeCheck = 0510;
				TargetAttributes = {
					8414A0A318DE301100DA168D = {
						TestTargetID = 8414A08218DE301100DA168D;
					};
				};
			};
			buildConfigurationList = 8414A07E18DE301100DA168D /* Build configuration list for PBXProject "RestaurantProblem" */;
			compatibilityVersion = "Xcode 3.2";
			developmentRegion = English;
			hasScannedForEncodings = 0;
			knownRegions = (
				en,
				Base,
			);
			mainGroup = 8414A07A18DE301100DA168D;
			productRefGroup = 8414A08418DE301100DA168D /* Products */;
			projectDirPath = "";
			projectRoot = "";
			targets = (
				8414A08218DE301100DA168D /* RestaurantProblem */,
				8414A0A318DE301100DA168D /* RestaurantProblemTests */,
			);
		};
/* End PBXProject section */

/* Begin PBXResourcesBuildPhase section */
		8414A08118DE301100DA168D /* Resources */ = {
			isa = PBXResourcesBuildPhase;
			buildActionMask = 2147483647;
			files = (
				8414A09F18DE301100DA168D /* Images.xcassets in Resources */,
				8414A09118DE301100DA168D /* InfoPlist.strings in Resources */,
				8414A09A18DE301100DA168D /* Main.storyboard in Resources */,
			);
			runOnlyForDeploymentPostprocessing = 0;
		};
		8414A0A218DE301100DA168D /* Resources */ = {
			isa = PBXResourcesBuildPhase;
			buildActionMask = 2147483647;
			files = (
				8414A0B018DE301100DA168D /* InfoPlist.strings in Resources */,
			);
			runOnlyForDeploymentPostprocessing = 0;
		};
/* End PBXResourcesBuildPhase section */

/* Begin PBXSourcesBuildPhase section */
		8414A07F18DE301100DA168D /* Sources */ = {
			isa = PBXSourcesBuildPhase;
			buildActionMask = 2147483647;
			files = (
				8414A09718DE301100DA168D /* RPAppDelegate.m in Sources */,
				8414A09318DE301100DA168D /* main.m in Sources */,
				8414A09D18DE301100DA168D /* RPViewController.m in Sources */,
			);
			runOnlyForDeploymentPostprocessing = 0;
		};
		8414A0A018DE301100DA168D /* Sources */ = {
			isa = PBXSourcesBuildPhase;
			buildActionMask = 2147483647;
			files = (
				8414A0B218DE301100DA168D /* RestaurantProblemTests.m in Sources */,
			);
			runOnlyForDeploymentPostprocessing = 0;
		};
/* End PBXSourcesBuildPhase section */

/* Begin PBXTargetDependency section */
		8414A0AA18DE301100DA168D /* PBXTargetDependency */ = {
			isa = PBXTargetDependency;
			target = 8414A08218DE301100DA168D /* RestaurantProblem */;
			targetProxy = 8414A0A918DE301100DA168D /* PBXContainerItemProxy */;
		};
/* End PBXTargetDependency section */

/* Begin PBXVariantGroup section */
		8414A08F18DE301100DA168D /* InfoPlist.strings */ = {
			isa = PBXVariantGroup;
			children = (
				8414A09018DE301100DA168D /* en */,
			);
			name = InfoPlist.strings;
			sourceTree = "<group>";
		};
		8414A09818DE301100DA168D /* Main.storyboard */ = {
			isa = PBXVariantGroup;
			children = (
				8414A09918DE301100DA168D /* Base */,
			);
			name = Main.storyboard;
			sourceTree = "<group>";
		};
		8414A0AE18DE301100DA168D /* InfoPlist.strings */ = {
			isa = PBXVariantGroup;
			children = (
				8414A0AF18DE301100DA168D /* en */,
			);
			name = InfoPlist.strings;
			sourceTree = "<group>";
		};
/* End PBXVariantGroup section */

/* Begin XCBuildConfiguration section */
		8414A0B318DE301100DA168D /* Debug */ = {
			isa = XCBuildConfiguration;
			buildSettings = {
				ALWAYS_SEARCH_USER_PATHS = NO;
				CLANG_CXX_LANGUAGE_STANDARD = "gnu++0x";
				CLANG_CXX_LIBRARY = "libc++";
				CLANG_ENABLE_MODULES = YES;
				CLANG_ENABLE_OBJC_ARC = YES;
				CLANG_WARN_BOOL_CONVERSION = YES;
				CLANG_WARN_CONSTANT_CONVERSION = YES;
				CLANG_WARN_DIRECT_OBJC_ISA_USAGE = YES_ERROR;
				CLANG_WARN_EMPTY_BODY = YES;
				CLANG_WARN_ENUM_CONVERSION = YES;
				CLANG_WARN_INT_CONVERSION = YES;
				CLANG_WARN_OBJC_ROOT_CLASS = YES_ERROR;
				CLANG_WARN__DUPLICATE_METHOD_MATCH = YES;
				"CODE_SIGN_IDENTITY[sdk=iphoneos*]" = "iPhone Developer";
				COPY_PHASE_STRIP = NO;
				GCC_C_LANGUAGE_STANDARD = gnu99;
				GCC_DYNAMIC_NO_PIC = NO;
				GCC_OPTIMIZATION_LEVEL = 0;
				GCC_PREPROCESSOR_DEFINITIONS = (
					"DEBUG=1",
					"$(inherited)",
				);
				GCC_SYMBOLS_PRIVATE_EXTERN = NO;
				GCC_WARN_64_TO_32_BIT_CONVERSION = YES;
				GCC_WARN_ABOUT_RETURN_TYPE = YES_ERROR;
				GCC_WARN_UNDECLARED_SELECTOR = YES;
				GCC_WARN_UNINITIALIZED_AUTOS = YES_AGGRESSIVE;
				GCC_WARN_UNUSED_FUNCTION = YES;
				GCC_WARN_UNUSED_VARIABLE = YES;
				IPHONEOS_DEPLOYMENT_TARGET = 7.1;
				ONLY_ACTIVE_ARCH = YES;
				SDKROOT = iphoneos;
			};
			name = Debug;
		};
		8414A0B418DE301100DA168D /* Release */ = {
			isa = XCBuildConfiguration;
			buildSettings = {
				ALWAYS_SEARCH_USER_PATHS = NO;
				CLANG_CXX_LANGUAGE_STANDARD = "gnu++0x";
				CLANG_CXX_LIBRARY = "libc++";
				CLANG_ENABLE_MODULES = YES;
				CLANG_ENABLE_OBJC_ARC = YES;
				CLANG_WARN_BOOL_CONVERSION = YES;
				CLANG_WARN_CONSTANT_CONVERSION = YES;
				CLANG_WARN_DIRECT_OBJC_ISA_USAGE = YES_ERROR;
				CLANG_WARN_EMPTY_BODY = YES;
				CLANG_WARN_ENUM_CONVERSION = YES;
				CLANG_WARN_INT_CONVERSION = YES;
				CLANG_WARN_OBJC_ROOT_CLASS = YES_ERROR;
				CLANG_WARN__DUPLICATE_METHOD_MATCH = YES;
				"CODE_SIGN_IDENTITY[sdk=iphoneos*]" = "iPhone Developer";
				COPY_PHASE_STRIP = YES;
				ENABLE_NS_ASSERTIONS = NO;
				GCC_C_LANGUAGE_STANDARD = gnu99;
				GCC_WARN_64_TO_32_BIT_CONVERSION = YES;
				GCC_WARN_ABOUT_RETURN_TYPE = YES_ERROR;
				GCC_WARN_UNDECLARED_SELECTOR = YES;
				GCC_WARN_UNINITIALIZED_AUTOS = YES_AGGRESSIVE;
				GCC_WARN_UNUSED_FUNCTION = YES;
				GCC_WARN_UNUSED_VARIABLE = YES;
				IPHONEOS_DEPLOYMENT_TARGET = 7.1;
				SDKROOT = iphoneos;
				VALIDATE_PRODUCT = YES;
			};
			name = Release;
		};
		8414A0B618DE301100DA168D /* Debug */ = {
			isa = XCBuildConfiguration;
			buildSettings = {
				ASSETCATALOG_COMPILER_APPICON_NAME = AppIcon;
				ASSETCATALOG_COMPILER_LAUNCHIMAGE_NAME = LaunchImage;
				GCC_PRECOMPILE_PREFIX_HEADER = YES;
				GCC_PREFIX_HEADER = "RestaurantProblem/RestaurantProblem-Prefix.pch";
				INFOPLIST_FILE = "RestaurantProblem/RestaurantProblem-Info.plist";
				PRODUCT_NAME = "$(TARGET_NAME)";
				WRAPPER_EXTENSION = app;
			};
			name = Debug;
		};
		8414A0B718DE301100DA168D /* Release */ = {
			isa = XCBuildConfiguration;
			buildSettings = {
				ASSETCATALOG_COMPILER_APPICON_NAME = AppIcon;
				ASSETCATALOG_COMPILER_LAUNCHIMAGE_NAME = LaunchImage;
				GCC_PRECOMPILE_PREFIX_HEADER = YES;
				GCC_PREFIX_HEADER = "RestaurantProblem/RestaurantProblem-Prefix.pch";
				INFOPLIST_FILE = "RestaurantProblem/RestaurantProblem-Info.plist";
				PRODUCT_NAME = "$(TARGET_NAME)";
				WRAPPER_EXTENSION = app;
			};
			name = Release;
		};
		8414A0B918DE301100DA168D /* Debug */ = {
			isa = XCBuildConfiguration;
			buildSettings = {
				BUNDLE_LOADER = "$(BUILT_PRODUCTS_DIR)/RestaurantProblem.app/RestaurantProblem";
				FRAMEWORK_SEARCH_PATHS = (
					"$(SDKROOT)/Developer/Library/Frameworks",
					"$(inherited)",
					"$(DEVELOPER_FRAMEWORKS_DIR)",
				);
				GCC_PRECOMPILE_PREFIX_HEADER = YES;
				GCC_PREFIX_HEADER = "RestaurantProblem/RestaurantProblem-Prefix.pch";
				GCC_PREPROCESSOR_DEFINITIONS = (
					"DEBUG=1",
					"$(inherited)",
				);
				INFOPLIST_FILE = "RestaurantProblemTests/RestaurantProblemTests-Info.plist";
				PRODUCT_NAME = "$(TARGET_NAME)";
				TEST_HOST = "$(BUNDLE_LOADER)";
				WRAPPER_EXTENSION = xctest;
			};
			name = Debug;
		};
		8414A0BA18DE301100DA168D /* Release */ = {
			isa = XCBuildConfiguration;
			buildSettings = {
				BUNDLE_LOADER = "$(BUILT_PRODUCTS_DIR)/RestaurantProblem.app/RestaurantProblem";
				FRAMEWORK_SEARCH_PATHS = (
					"$(SDKROOT)/Developer/Library/Frameworks",
					"$(inherited)",
					"$(DEVELOPER_FRAMEWORKS_DIR)",
				);
				GCC_PRECOMPILE_PREFIX_HEADER = YES;
				GCC_PREFIX_HEADER = "RestaurantProblem/RestaurantProblem-Prefix.pch";
				INFOPLIST_FILE = "RestaurantProblemTests/RestaurantProblemTests-Info.plist";
				PRODUCT_NAME = "$(TARGET_NAME)";
				TEST_HOST = "$(BUNDLE_LOADER)";
				WRAPPER_EXTENSION = xctest;
			};
			name = Release;
		};
/* End XCBuildConfiguration section */

/* Begin XCConfigurationList section */
		8414A07E18DE301100DA168D /* Build configuration list for PBXProject "RestaurantProblem" */ = {
			isa = XCConfigurationList;
			buildConfigurations = (
				8414A0B318DE301100DA168D /* Debug */,
				8414A0B418DE301100DA168D /* Release */,
			);
			defaultConfigurationIsVisible = 0;
			defaultConfigurationName = Release;
		};
		8414A0B518DE301100DA168D /* Build configuration list for PBXNativeTarget "RestaurantProblem" */ = {
			isa = XCConfigurationList;
			buildConfigurations = (
				8414A0B618DE301100DA168D /* Debug */,
				8414A0B718DE301100DA168D /* Release */,
			);
			defaultConfigurationIsVisible = 0;
		};
		8414A0B818DE301100DA168D /* Build configuration list for PBXNativeTarget "RestaurantProblemTests" */ = {
			isa = XCConfigurationList;
			buildConfigurations = (
				8414A0B918DE301100DA168D /* Debug */,
				8414A0BA18DE301100DA168D /* Release */,
			);
			defaultConfigurationIsVisible = 0;
		};
/* End XCConfigurationList section */
	};
	rootObject = 8414A07B18DE301100DA168D /* Project object */;
}
